// !$*UTF8*$!
{
	archiveVersion = 1;
	classes = {
	};
	objectVersion = 46;
	objects = {

/* Begin PBXBuildFile section */
		72F73F0317DF4D8900E766DA /* DenunciasController.h in Sources */ = {isa = PBXBuildFile; fileRef = 72F73F0117DF4D1200E766DA /* DenunciasController.h */; };
		72F73F0417DF4D8900E766DA /* DenunciasController.m in Sources */ = {isa = PBXBuildFile; fileRef = 72F73F0217DF4D1200E766DA /* DenunciasController.m */; };
		72F73F0517DF4D8900E766DA /* AppDelegate.h in Sources */ = {isa = PBXBuildFile; fileRef = BF97128B17DE8E5B008DA61B /* AppDelegate.h */; };
		72F73F0817DF569D00E766DA /* ComunicacionParse.m in Sources */ = {isa = PBXBuildFile; fileRef = 72F73F0717DF569D00E766DA /* ComunicacionParse.m */; };
		72F73F0C17DF5DE700E766DA /* IdeasController.m in Sources */ = {isa = PBXBuildFile; fileRef = 72F73F0B17DF5DE700E766DA /* IdeasController.m */; };
		8468327E17DEFA4900330AFB /* FacebookSDK.framework in Frameworks */ = {isa = PBXBuildFile; fileRef = 8468327D17DEFA4900330AFB /* FacebookSDK.framework */; };
		8468328717DF10D200330AFB /* LoginViewController.h in Sources */ = {isa = PBXBuildFile; fileRef = 8468328017DF093B00330AFB /* LoginViewController.h */; };
		8468328817DF10D200330AFB /* LoginViewController.m in Sources */ = {isa = PBXBuildFile; fileRef = 8468328117DF093B00330AFB /* LoginViewController.m */; };
		8468328917DF110D00330AFB /* UserDetailsViewController.h in Sources */ = {isa = PBXBuildFile; fileRef = 8468328417DF095600330AFB /* UserDetailsViewController.h */; };
		8468328A17DF110D00330AFB /* UserDetailsViewController.m in Sources */ = {isa = PBXBuildFile; fileRef = 8468328517DF095600330AFB /* UserDetailsViewController.m */; };
		8468328B17DF110D00330AFB /* UserDetailsViewController.xib in Sources */ = {isa = PBXBuildFile; fileRef = 8468328617DF095600330AFB /* UserDetailsViewController.xib */; };
		8468328D17DF1B8300330AFB /* fondo.jpg in Resources */ = {isa = PBXBuildFile; fileRef = 8468328C17DF1B8300330AFB /* fondo.jpg */; };
		8468328F17DF299B00330AFB /* connect_face.png in Resources */ = {isa = PBXBuildFile; fileRef = 8468328E17DF299B00330AFB /* connect_face.png */; };
		8468329117DF2B4500330AFB /* entrar.png in Resources */ = {isa = PBXBuildFile; fileRef = 8468329017DF2B4500330AFB /* entrar.png */; };
		846832C217DF2BF000330AFB /* create_proyect_top.png in Resources */ = {isa = PBXBuildFile; fileRef = 8468329417DF2BF000330AFB /* create_proyect_top.png */; };
		846832C317DF2BF000330AFB /* description.png in Resources */ = {isa = PBXBuildFile; fileRef = 8468329517DF2BF000330AFB /* description.png */; };
		846832C417DF2BF000330AFB /* top_activism.png in Resources */ = {isa = PBXBuildFile; fileRef = 8468329617DF2BF000330AFB /* top_activism.png */; };
		846832C517DF2BF000330AFB /* beginning.png in Resources */ = {isa = PBXBuildFile; fileRef = 8468329717DF2BF000330AFB /* beginning.png */; };
		846832C617DF2BF000330AFB /* activism_down.png in Resources */ = {isa = PBXBuildFile; fileRef = 8468329917DF2BF000330AFB /* activism_down.png */; };
		846832C717DF2BF000330AFB /* activism_up.png in Resources */ = {isa = PBXBuildFile; fileRef = 8468329A17DF2BF000330AFB /* activism_up.png */; };
		846832C817DF2BF000330AFB /* back_down.png in Resources */ = {isa = PBXBuildFile; fileRef = 8468329B17DF2BF000330AFB /* back_down.png */; };
		846832C917DF2BF000330AFB /* back_up.png in Resources */ = {isa = PBXBuildFile; fileRef = 8468329C17DF2BF000330AFB /* back_up.png */; };
		846832CA17DF2BF000330AFB /* complaints_down.png in Resources */ = {isa = PBXBuildFile; fileRef = 8468329D17DF2BF000330AFB /* complaints_down.png */; };
		846832CB17DF2BF000330AFB /* complaints_up.png in Resources */ = {isa = PBXBuildFile; fileRef = 8468329E17DF2BF000330AFB /* complaints_up.png */; };
		846832CC17DF2BF000330AFB /* connect_face.png in Resources */ = {isa = PBXBuildFile; fileRef = 8468329F17DF2BF000330AFB /* connect_face.png */; };
		846832CD17DF2BF000330AFB /* galery_down.png in Resources */ = {isa = PBXBuildFile; fileRef = 846832A017DF2BF000330AFB /* galery_down.png */; };
		846832CE17DF2BF000330AFB /* galery_up.png in Resources */ = {isa = PBXBuildFile; fileRef = 846832A117DF2BF000330AFB /* galery_up.png */; };
		846832CF17DF2BF000330AFB /* photo_down.png in Resources */ = {isa = PBXBuildFile; fileRef = 846832A217DF2BF000330AFB /* photo_down.png */; };
		846832D017DF2BF000330AFB /* photo_up.png in Resources */ = {isa = PBXBuildFile; fileRef = 846832A317DF2BF000330AFB /* photo_up.png */; };
		846832D117DF2BF000330AFB /* ptos_down.png in Resources */ = {isa = PBXBuildFile; fileRef = 846832A417DF2BF000330AFB /* ptos_down.png */; };
		846832D217DF2BF000330AFB /* pts_up.png in Resources */ = {isa = PBXBuildFile; fileRef = 846832A517DF2BF000330AFB /* pts_up.png */; };
		846832D317DF2BF000330AFB /* share_down.png in Resources */ = {isa = PBXBuildFile; fileRef = 846832A617DF2BF000330AFB /* share_down.png */; };
		846832D417DF2BF000330AFB /* share_up.png in Resources */ = {isa = PBXBuildFile; fileRef = 846832A717DF2BF000330AFB /* share_up.png */; };
		846832D517DF2BF000330AFB /* gps_icon.png in Resources */ = {isa = PBXBuildFile; fileRef = 846832A917DF2BF000330AFB /* gps_icon.png */; };
		846832D617DF2BF000330AFB /* gps_off.png in Resources */ = {isa = PBXBuildFile; fileRef = 846832AA17DF2BF000330AFB /* gps_off.png */; };
		846832D717DF2BF000330AFB /* gps_on.png in Resources */ = {isa = PBXBuildFile; fileRef = 846832AB17DF2BF000330AFB /* gps_on.png */; };
		846832D817DF2BF000330AFB /* texto_complaints.png in Resources */ = {isa = PBXBuildFile; fileRef = 846832AC17DF2BF000330AFB /* texto_complaints.png */; };
		846832D917DF2BF000330AFB /* top_complaints.png in Resources */ = {isa = PBXBuildFile; fileRef = 846832AD17DF2BF000330AFB /* top_complaints.png */; };
		846832DA17DF2BF000330AFB /* enter.png in Resources */ = {isa = PBXBuildFile; fileRef = 846832AE17DF2BF000330AFB /* enter.png */; };
		846832DB17DF2BF000330AFB /* fondo.jpg in Resources */ = {isa = PBXBuildFile; fileRef = 846832AF17DF2BF000330AFB /* fondo.jpg */; };
		846832DC17DF2BF000330AFB /* aviso_email.png in Resources */ = {isa = PBXBuildFile; fileRef = 846832B117DF2BF000330AFB /* aviso_email.png */; };
		846832DD17DF2BF000330AFB /* complaints_inicio.png in Resources */ = {isa = PBXBuildFile; fileRef = 846832B217DF2BF000330AFB /* complaints_inicio.png */; };
		846832DE17DF2BF000330AFB /* create_activism.png in Resources */ = {isa = PBXBuildFile; fileRef = 846832B317DF2BF000330AFB /* create_activism.png */; };
		846832DF17DF2BF000330AFB /* create_complaint.png in Resources */ = {isa = PBXBuildFile; fileRef = 846832B417DF2BF000330AFB /* create_complaint.png */; };
		846832E017DF2BF000330AFB /* description_activism.png in Resources */ = {isa = PBXBuildFile; fileRef = 846832B517DF2BF000330AFB /* description_activism.png */; };
		846832E117DF2BF000330AFB /* description_complaint.png in Resources */ = {isa = PBXBuildFile; fileRef = 846832B617DF2BF000330AFB /* description_complaint.png */; };
		846832E217DF2BF000330AFB /* Inicio.png in Resources */ = {isa = PBXBuildFile; fileRef = 846832B717DF2BF000330AFB /* Inicio.png */; };
		846832E317DF2BF000330AFB /* menu_principal.png in Resources */ = {isa = PBXBuildFile; fileRef = 846832B817DF2BF000330AFB /* menu_principal.png */; };
		846832E417DF2BF000330AFB /* logo_green.png in Resources */ = {isa = PBXBuildFile; fileRef = 846832B917DF2BF000330AFB /* logo_green.png */; };
		846832E517DF2BF000330AFB /* logo_whitw.png in Resources */ = {isa = PBXBuildFile; fileRef = 846832BA17DF2BF000330AFB /* logo_whitw.png */; };
		846832E617DF2BF000330AFB /* frog.png in Resources */ = {isa = PBXBuildFile; fileRef = 846832BC17DF2BF000330AFB /* frog.png */; };
		846832E717DF2BF000330AFB /* level.png in Resources */ = {isa = PBXBuildFile; fileRef = 846832BD17DF2BF000330AFB /* level.png */; };
		846832E817DF2BF000330AFB /* turtle.png in Resources */ = {isa = PBXBuildFile; fileRef = 846832BE17DF2BF000330AFB /* turtle.png */; };
		846832E917DF2BF000330AFB /* select_down.png in Resources */ = {isa = PBXBuildFile; fileRef = 846832BF17DF2BF000330AFB /* select_down.png */; };
		846832EA17DF2BF000330AFB /* Title_description.png in Resources */ = {isa = PBXBuildFile; fileRef = 846832C017DF2BF000330AFB /* Title_description.png */; };
		846832EB17DF2BF000330AFB /* top.png in Resources */ = {isa = PBXBuildFile; fileRef = 846832C117DF2BF000330AFB /* top.png */; };
		846832F617DF4A3800330AFB /* frog1.png in Resources */ = {isa = PBXBuildFile; fileRef = 846832ED17DF4A3800330AFB /* frog1.png */; };
		846832F717DF4A3800330AFB /* frog2.png in Resources */ = {isa = PBXBuildFile; fileRef = 846832EE17DF4A3800330AFB /* frog2.png */; };
		846832F817DF4A3800330AFB /* frog3.png in Resources */ = {isa = PBXBuildFile; fileRef = 846832EF17DF4A3800330AFB /* frog3.png */; };
		846832F917DF4A3800330AFB /* frog4.png in Resources */ = {isa = PBXBuildFile; fileRef = 846832F017DF4A3800330AFB /* frog4.png */; };
		846832FA17DF4A3800330AFB /* frog5.png in Resources */ = {isa = PBXBuildFile; fileRef = 846832F117DF4A3800330AFB /* frog5.png */; };
		846832FB17DF4A3800330AFB /* turtle1.png in Resources */ = {isa = PBXBuildFile; fileRef = 846832F217DF4A3800330AFB /* turtle1.png */; };
		846832FC17DF4A3800330AFB /* turtle2.png in Resources */ = {isa = PBXBuildFile; fileRef = 846832F317DF4A3800330AFB /* turtle2.png */; };
		846832FD17DF4A3800330AFB /* turtle3.png in Resources */ = {isa = PBXBuildFile; fileRef = 846832F417DF4A3800330AFB /* turtle3.png */; };
		846832FE17DF4A3800330AFB /* turtle4.png in Resources */ = {isa = PBXBuildFile; fileRef = 846832F517DF4A3800330AFB /* turtle4.png */; };
		BF2AC93117DF7F2A00529B6D /* Default.png in Resources */ = {isa = PBXBuildFile; fileRef = BF2AC92F17DF7F2A00529B6D /* Default.png */; };
		BF2AC93517DF7FCE00529B6D /* Default-568h@2x.png in Resources */ = {isa = PBXBuildFile; fileRef = BF2AC93317DF7FCE00529B6D /* Default-568h@2x.png */; };
		BF2AC93617DF7FCE00529B6D /* Default@2x.png in Resources */ = {isa = PBXBuildFile; fileRef = BF2AC93417DF7FCE00529B6D /* Default@2x.png */; };
		BF97127D17DE8E5B008DA61B /* UIKit.framework in Frameworks */ = {isa = PBXBuildFile; fileRef = BF97127C17DE8E5A008DA61B /* UIKit.framework */; };
		BF97127F17DE8E5B008DA61B /* Foundation.framework in Frameworks */ = {isa = PBXBuildFile; fileRef = BF97127E17DE8E5B008DA61B /* Foundation.framework */; };
		BF97128117DE8E5B008DA61B /* CoreGraphics.framework in Frameworks */ = {isa = PBXBuildFile; fileRef = BF97128017DE8E5B008DA61B /* CoreGraphics.framework */; };
		BF97128717DE8E5B008DA61B /* InfoPlist.strings in Resources */ = {isa = PBXBuildFile; fileRef = BF97128517DE8E5B008DA61B /* InfoPlist.strings */; };
		BF97128917DE8E5B008DA61B /* main.m in Sources */ = {isa = PBXBuildFile; fileRef = BF97128817DE8E5B008DA61B /* main.m */; };
		BF97128D17DE8E5B008DA61B /* AppDelegate.m in Sources */ = {isa = PBXBuildFile; fileRef = BF97128C17DE8E5B008DA61B /* AppDelegate.m */; };
		BF97129617DE8E5B008DA61B /* MainStoryboard.storyboard in Resources */ = {isa = PBXBuildFile; fileRef = BF97129417DE8E5B008DA61B /* MainStoryboard.storyboard */; };
		BF97129917DE8E5B008DA61B /* ViewController.m in Sources */ = {isa = PBXBuildFile; fileRef = BF97129817DE8E5B008DA61B /* ViewController.m */; };
		BF9712A017DE8E9C008DA61B /* CoreLocation.framework in Frameworks */ = {isa = PBXBuildFile; fileRef = BF97129F17DE8E9C008DA61B /* CoreLocation.framework */; };
		BF9712A517DE9050008DA61B /* Parse.framework in Frameworks */ = {isa = PBXBuildFile; fileRef = BF9712A417DE9050008DA61B /* Parse.framework */; };
		BF9712A717DE909E008DA61B /* AudioToolbox.framework in Frameworks */ = {isa = PBXBuildFile; fileRef = BF9712A617DE909E008DA61B /* AudioToolbox.framework */; };
		BF9712A917DE90A7008DA61B /* CFNetwork.framework in Frameworks */ = {isa = PBXBuildFile; fileRef = BF9712A817DE90A7008DA61B /* CFNetwork.framework */; };
		BF9712AB17DE90C4008DA61B /* libz.1.1.3.dylib in Frameworks */ = {isa = PBXBuildFile; fileRef = BF9712AA17DE90C4008DA61B /* libz.1.1.3.dylib */; };
		BF9712AD17DE90D0008DA61B /* MobileCoreServices.framework in Frameworks */ = {isa = PBXBuildFile; fileRef = BF9712AC17DE90D0008DA61B /* MobileCoreServices.framework */; };
		BF9712AF17DE90FB008DA61B /* QuartzCore.framework in Frameworks */ = {isa = PBXBuildFile; fileRef = BF9712AE17DE90FB008DA61B /* QuartzCore.framework */; };
		BF9712B117DE9105008DA61B /* Security.framework in Frameworks */ = {isa = PBXBuildFile; fileRef = BF9712B017DE9105008DA61B /* Security.framework */; };
		BF9712B317DE911A008DA61B /* StoreKit.framework in Frameworks */ = {isa = PBXBuildFile; fileRef = BF9712B217DE911A008DA61B /* StoreKit.framework */; };
		BF9712B517DE912F008DA61B /* SystemConfiguration.framework in Frameworks */ = {isa = PBXBuildFile; fileRef = BF9712B417DE912F008DA61B /* SystemConfiguration.framework */; };
		BFBCA94A17DEE219004D75BA /* ViewControllerCreateIdea.m in Sources */ = {isa = PBXBuildFile; fileRef = BFBCA94917DEE219004D75BA /* ViewControllerCreateIdea.m */; };
		BFBCA95617DEF51B004D75BA /* ViewControllerCreateComplaint.m in Sources */ = {isa = PBXBuildFile; fileRef = BFBCA95517DEF51B004D75BA /* ViewControllerCreateComplaint.m */; };
		BFD9D0E117DF97C300D11879 /* MapKit.framework in Frameworks */ = {isa = PBXBuildFile; fileRef = BFD9D0E017DF97C300D11879 /* MapKit.framework */; };
		BFD9D0E317DF985500D11879 /* refresh.png in Resources */ = {isa = PBXBuildFile; fileRef = BFD9D0E217DF985500D11879 /* refresh.png */; };
		BFD9D0E517DF98C700D11879 /* create_up.png in Resources */ = {isa = PBXBuildFile; fileRef = BFD9D0E417DF98C700D11879 /* create_up.png */; };
		BFD9D0E917DF9C8A00D11879 /* conflict-zones_up.png in Resources */ = {isa = PBXBuildFile; fileRef = BFD9D0E617DF9C8A00D11879 /* conflict-zones_up.png */; };
		BFD9D0EA17DF9C8A00D11879 /* complaints_up (1).png in Resources */ = {isa = PBXBuildFile; fileRef = BFD9D0E717DF9C8A00D11879 /* complaints_up (1).png */; };
		BFD9D0EB17DF9C8A00D11879 /* activism_up (1).png in Resources */ = {isa = PBXBuildFile; fileRef = BFD9D0E817DF9C8A00D11879 /* activism_up (1).png */; };
		BFD9D0ED17DFAA7900D11879 /* conflictzona_top.png in Resources */ = {isa = PBXBuildFile; fileRef = BFD9D0EC17DFAA7900D11879 /* conflictzona_top.png */; };
		BFD9D0F117E0E74C00D11879 /* ViewControllerActivista.m in Sources */ = {isa = PBXBuildFile; fileRef = BFD9D0F017E0E74C00D11879 /* ViewControllerActivista.m */; };
/* End PBXBuildFile section */

/* Begin PBXFileReference section */
		72F73F0117DF4D1200E766DA /* DenunciasController.h */ = {isa = PBXFileReference; lastKnownFileType = sourcecode.c.h; path = DenunciasController.h; sourceTree = "<group>"; };
		72F73F0217DF4D1200E766DA /* DenunciasController.m */ = {isa = PBXFileReference; lastKnownFileType = sourcecode.c.objc; path = DenunciasController.m; sourceTree = "<group>"; };
		72F73F0617DF569D00E766DA /* ComunicacionParse.h */ = {isa = PBXFileReference; fileEncoding = 4; lastKnownFileType = sourcecode.c.h; path = ComunicacionParse.h; sourceTree = "<group>"; };
		72F73F0717DF569D00E766DA /* ComunicacionParse.m */ = {isa = PBXFileReference; fileEncoding = 4; lastKnownFileType = sourcecode.c.objc; path = ComunicacionParse.m; sourceTree = "<group>"; };
		72F73F0A17DF5DE700E766DA /* IdeasController.h */ = {isa = PBXFileReference; fileEncoding = 4; lastKnownFileType = sourcecode.c.h; path = IdeasController.h; sourceTree = "<group>"; };
		72F73F0B17DF5DE700E766DA /* IdeasController.m */ = {isa = PBXFileReference; fileEncoding = 4; lastKnownFileType = sourcecode.c.objc; path = IdeasController.m; sourceTree = "<group>"; };
		8468327D17DEFA4900330AFB /* FacebookSDK.framework */ = {isa = PBXFileReference; lastKnownFileType = wrapper.framework; path = FacebookSDK.framework; sourceTree = "<group>"; };
		8468328017DF093B00330AFB /* LoginViewController.h */ = {isa = PBXFileReference; lastKnownFileType = sourcecode.c.h; path = LoginViewController.h; sourceTree = "<group>"; };
		8468328117DF093B00330AFB /* LoginViewController.m */ = {isa = PBXFileReference; lastKnownFileType = sourcecode.c.objc; path = LoginViewController.m; sourceTree = "<group>"; };
		8468328317DF095600330AFB /* TableHeaderView.xib */ = {isa = PBXFileReference; lastKnownFileType = file.xib; path = TableHeaderView.xib; sourceTree = "<group>"; };
		8468328417DF095600330AFB /* UserDetailsViewController.h */ = {isa = PBXFileReference; lastKnownFileType = sourcecode.c.h; path = UserDetailsViewController.h; sourceTree = "<group>"; };
		8468328517DF095600330AFB /* UserDetailsViewController.m */ = {isa = PBXFileReference; lastKnownFileType = sourcecode.c.objc; path = UserDetailsViewController.m; sourceTree = "<group>"; };
		8468328617DF095600330AFB /* UserDetailsViewController.xib */ = {isa = PBXFileReference; lastKnownFileType = file.xib; path = UserDetailsViewController.xib; sourceTree = "<group>"; };
		8468328C17DF1B8300330AFB /* fondo.jpg */ = {isa = PBXFileReference; lastKnownFileType = image.jpeg; path = fondo.jpg; sourceTree = "<group>"; };
		8468328E17DF299B00330AFB /* connect_face.png */ = {isa = PBXFileReference; lastKnownFileType = image.png; path = connect_face.png; sourceTree = "<group>"; };
		8468329017DF2B4500330AFB /* entrar.png */ = {isa = PBXFileReference; lastKnownFileType = image.png; path = entrar.png; sourceTree = "<group>"; };
		8468329417DF2BF000330AFB /* create_proyect_top.png */ = {isa = PBXFileReference; lastKnownFileType = image.png; path = create_proyect_top.png; sourceTree = "<group>"; };
		8468329517DF2BF000330AFB /* description.png */ = {isa = PBXFileReference; lastKnownFileType = image.png; path = description.png; sourceTree = "<group>"; };
		8468329617DF2BF000330AFB /* top_activism.png */ = {isa = PBXFileReference; lastKnownFileType = image.png; path = top_activism.png; sourceTree = "<group>"; };
		8468329717DF2BF000330AFB /* beginning.png */ = {isa = PBXFileReference; lastKnownFileType = image.png; path = beginning.png; sourceTree = "<group>"; };
		8468329917DF2BF000330AFB /* activism_down.png */ = {isa = PBXFileReference; lastKnownFileType = image.png; path = activism_down.png; sourceTree = "<group>"; };
		8468329A17DF2BF000330AFB /* activism_up.png */ = {isa = PBXFileReference; lastKnownFileType = image.png; path = activism_up.png; sourceTree = "<group>"; };
		8468329B17DF2BF000330AFB /* back_down.png */ = {isa = PBXFileReference; lastKnownFileType = image.png; path = back_down.png; sourceTree = "<group>"; };
		8468329C17DF2BF000330AFB /* back_up.png */ = {isa = PBXFileReference; lastKnownFileType = image.png; path = back_up.png; sourceTree = "<group>"; };
		8468329D17DF2BF000330AFB /* complaints_down.png */ = {isa = PBXFileReference; lastKnownFileType = image.png; path = complaints_down.png; sourceTree = "<group>"; };
		8468329E17DF2BF000330AFB /* complaints_up.png */ = {isa = PBXFileReference; lastKnownFileType = image.png; path = complaints_up.png; sourceTree = "<group>"; };
		8468329F17DF2BF000330AFB /* connect_face.png */ = {isa = PBXFileReference; lastKnownFileType = image.png; path = connect_face.png; sourceTree = "<group>"; };
		846832A017DF2BF000330AFB /* galery_down.png */ = {isa = PBXFileReference; lastKnownFileType = image.png; path = galery_down.png; sourceTree = "<group>"; };
		846832A117DF2BF000330AFB /* galery_up.png */ = {isa = PBXFileReference; lastKnownFileType = image.png; path = galery_up.png; sourceTree = "<group>"; };
		846832A217DF2BF000330AFB /* photo_down.png */ = {isa = PBXFileReference; lastKnownFileType = image.png; path = photo_down.png; sourceTree = "<group>"; };
		846832A317DF2BF000330AFB /* photo_up.png */ = {isa = PBXFileReference; lastKnownFileType = image.png; path = photo_up.png; sourceTree = "<group>"; };
		846832A417DF2BF000330AFB /* ptos_down.png */ = {isa = PBXFileReference; lastKnownFileType = image.png; path = ptos_down.png; sourceTree = "<group>"; };
		846832A517DF2BF000330AFB /* pts_up.png */ = {isa = PBXFileReference; lastKnownFileType = image.png; path = pts_up.png; sourceTree = "<group>"; };
		846832A617DF2BF000330AFB /* share_down.png */ = {isa = PBXFileReference; lastKnownFileType = image.png; path = share_down.png; sourceTree = "<group>"; };
		846832A717DF2BF000330AFB /* share_up.png */ = {isa = PBXFileReference; lastKnownFileType = image.png; path = share_up.png; sourceTree = "<group>"; };
		846832A917DF2BF000330AFB /* gps_icon.png */ = {isa = PBXFileReference; lastKnownFileType = image.png; path = gps_icon.png; sourceTree = "<group>"; };
		846832AA17DF2BF000330AFB /* gps_off.png */ = {isa = PBXFileReference; lastKnownFileType = image.png; path = gps_off.png; sourceTree = "<group>"; };
		846832AB17DF2BF000330AFB /* gps_on.png */ = {isa = PBXFileReference; lastKnownFileType = image.png; path = gps_on.png; sourceTree = "<group>"; };
		846832AC17DF2BF000330AFB /* texto_complaints.png */ = {isa = PBXFileReference; lastKnownFileType = image.png; path = texto_complaints.png; sourceTree = "<group>"; };
		846832AD17DF2BF000330AFB /* top_complaints.png */ = {isa = PBXFileReference; lastKnownFileType = image.png; path = top_complaints.png; sourceTree = "<group>"; };
		846832AE17DF2BF000330AFB /* enter.png */ = {isa = PBXFileReference; lastKnownFileType = image.png; path = enter.png; sourceTree = "<group>"; };
		846832AF17DF2BF000330AFB /* fondo.jpg */ = {isa = PBXFileReference; lastKnownFileType = image.jpeg; path = fondo.jpg; sourceTree = "<group>"; };
		846832B117DF2BF000330AFB /* aviso_email.png */ = {isa = PBXFileReference; lastKnownFileType = image.png; path = aviso_email.png; sourceTree = "<group>"; };
		846832B217DF2BF000330AFB /* complaints_inicio.png */ = {isa = PBXFileReference; lastKnownFileType = image.png; path = complaints_inicio.png; sourceTree = "<group>"; };
		846832B317DF2BF000330AFB /* create_activism.png */ = {isa = PBXFileReference; lastKnownFileType = image.png; path = create_activism.png; sourceTree = "<group>"; };
		846832B417DF2BF000330AFB /* create_complaint.png */ = {isa = PBXFileReference; lastKnownFileType = image.png; path = create_complaint.png; sourceTree = "<group>"; };
		846832B517DF2BF000330AFB /* description_activism.png */ = {isa = PBXFileReference; lastKnownFileType = image.png; path = description_activism.png; sourceTree = "<group>"; };
		846832B617DF2BF000330AFB /* description_complaint.png */ = {isa = PBXFileReference; lastKnownFileType = image.png; path = description_complaint.png; sourceTree = "<group>"; };
		846832B717DF2BF000330AFB /* Inicio.png */ = {isa = PBXFileReference; lastKnownFileType = image.png; path = Inicio.png; sourceTree = "<group>"; };
		846832B817DF2BF000330AFB /* menu_principal.png */ = {isa = PBXFileReference; lastKnownFileType = image.png; path = menu_principal.png; sourceTree = "<group>"; };
		846832B917DF2BF000330AFB /* logo_green.png */ = {isa = PBXFileReference; lastKnownFileType = image.png; path = logo_green.png; sourceTree = "<group>"; };
		846832BA17DF2BF000330AFB /* logo_whitw.png */ = {isa = PBXFileReference; lastKnownFileType = image.png; path = logo_whitw.png; sourceTree = "<group>"; };
		846832BC17DF2BF000330AFB /* frog.png */ = {isa = PBXFileReference; lastKnownFileType = image.png; path = frog.png; sourceTree = "<group>"; };
		846832BD17DF2BF000330AFB /* level.png */ = {isa = PBXFileReference; lastKnownFileType = image.png; path = level.png; sourceTree = "<group>"; };
		846832BE17DF2BF000330AFB /* turtle.png */ = {isa = PBXFileReference; lastKnownFileType = image.png; path = turtle.png; sourceTree = "<group>"; };
		846832BF17DF2BF000330AFB /* select_down.png */ = {isa = PBXFileReference; lastKnownFileType = image.png; path = select_down.png; sourceTree = "<group>"; };
		846832C017DF2BF000330AFB /* Title_description.png */ = {isa = PBXFileReference; lastKnownFileType = image.png; path = Title_description.png; sourceTree = "<group>"; };
		846832C117DF2BF000330AFB /* top.png */ = {isa = PBXFileReference; lastKnownFileType = image.png; path = top.png; sourceTree = "<group>"; };
		846832ED17DF4A3800330AFB /* frog1.png */ = {isa = PBXFileReference; lastKnownFileType = image.png; path = frog1.png; sourceTree = "<group>"; };
		846832EE17DF4A3800330AFB /* frog2.png */ = {isa = PBXFileReference; lastKnownFileType = image.png; path = frog2.png; sourceTree = "<group>"; };
		846832EF17DF4A3800330AFB /* frog3.png */ = {isa = PBXFileReference; lastKnownFileType = image.png; path = frog3.png; sourceTree = "<group>"; };
		846832F017DF4A3800330AFB /* frog4.png */ = {isa = PBXFileReference; lastKnownFileType = image.png; path = frog4.png; sourceTree = "<group>"; };
		846832F117DF4A3800330AFB /* frog5.png */ = {isa = PBXFileReference; lastKnownFileType = image.png; path = frog5.png; sourceTree = "<group>"; };
		846832F217DF4A3800330AFB /* turtle1.png */ = {isa = PBXFileReference; lastKnownFileType = image.png; path = turtle1.png; sourceTree = "<group>"; };
		846832F317DF4A3800330AFB /* turtle2.png */ = {isa = PBXFileReference; lastKnownFileType = image.png; path = turtle2.png; sourceTree = "<group>"; };
		846832F417DF4A3800330AFB /* turtle3.png */ = {isa = PBXFileReference; lastKnownFileType = image.png; path = turtle3.png; sourceTree = "<group>"; };
		846832F517DF4A3800330AFB /* turtle4.png */ = {isa = PBXFileReference; lastKnownFileType = image.png; path = turtle4.png; sourceTree = "<group>"; };
		BF2AC92F17DF7F2A00529B6D /* Default.png */ = {isa = PBXFileReference; lastKnownFileType = image.png; path = Default.png; sourceTree = "<group>"; };
		BF2AC93317DF7FCE00529B6D /* Default-568h@2x.png */ = {isa = PBXFileReference; lastKnownFileType = image.png; path = "Default-568h@2x.png"; sourceTree = "<group>"; };
		BF2AC93417DF7FCE00529B6D /* Default@2x.png */ = {isa = PBXFileReference; lastKnownFileType = image.png; path = "Default@2x.png"; sourceTree = "<group>"; };
		BF97127917DE8E5A008DA61B /* GreenActivist.app */ = {isa = PBXFileReference; explicitFileType = wrapper.application; includeInIndex = 0; path = GreenActivist.app; sourceTree = BUILT_PRODUCTS_DIR; };
		BF97127C17DE8E5A008DA61B /* UIKit.framework */ = {isa = PBXFileReference; lastKnownFileType = wrapper.framework; name = UIKit.framework; path = System/Library/Frameworks/UIKit.framework; sourceTree = SDKROOT; };
		BF97127E17DE8E5B008DA61B /* Foundation.framework */ = {isa = PBXFileReference; lastKnownFileType = wrapper.framework; name = Foundation.framework; path = System/Library/Frameworks/Foundation.framework; sourceTree = SDKROOT; };
		BF97128017DE8E5B008DA61B /* CoreGraphics.framework */ = {isa = PBXFileReference; lastKnownFileType = wrapper.framework; name = CoreGraphics.framework; path = System/Library/Frameworks/CoreGraphics.framework; sourceTree = SDKROOT; };
		BF97128417DE8E5B008DA61B /* GreenActivist-Info.plist */ = {isa = PBXFileReference; lastKnownFileType = text.plist.xml; path = "GreenActivist-Info.plist"; sourceTree = "<group>"; };
		BF97128617DE8E5B008DA61B /* en */ = {isa = PBXFileReference; lastKnownFileType = text.plist.strings; name = en; path = en.lproj/InfoPlist.strings; sourceTree = "<group>"; };
		BF97128817DE8E5B008DA61B /* main.m */ = {isa = PBXFileReference; lastKnownFileType = sourcecode.c.objc; path = main.m; sourceTree = "<group>"; };
		BF97128A17DE8E5B008DA61B /* GreenActivist-Prefix.pch */ = {isa = PBXFileReference; lastKnownFileType = sourcecode.c.h; path = "GreenActivist-Prefix.pch"; sourceTree = "<group>"; };
		BF97128B17DE8E5B008DA61B /* AppDelegate.h */ = {isa = PBXFileReference; lastKnownFileType = sourcecode.c.h; path = AppDelegate.h; sourceTree = "<group>"; };
		BF97128C17DE8E5B008DA61B /* AppDelegate.m */ = {isa = PBXFileReference; lastKnownFileType = sourcecode.c.objc; path = AppDelegate.m; sourceTree = "<group>"; };
		BF97129517DE8E5B008DA61B /* en */ = {isa = PBXFileReference; lastKnownFileType = file.storyboard; name = en; path = en.lproj/MainStoryboard.storyboard; sourceTree = "<group>"; };
		BF97129717DE8E5B008DA61B /* ViewController.h */ = {isa = PBXFileReference; lastKnownFileType = sourcecode.c.h; path = ViewController.h; sourceTree = "<group>"; };
		BF97129817DE8E5B008DA61B /* ViewController.m */ = {isa = PBXFileReference; lastKnownFileType = sourcecode.c.objc; path = ViewController.m; sourceTree = "<group>"; };
		BF97129F17DE8E9C008DA61B /* CoreLocation.framework */ = {isa = PBXFileReference; lastKnownFileType = wrapper.framework; name = CoreLocation.framework; path = System/Library/Frameworks/CoreLocation.framework; sourceTree = SDKROOT; };
		BF9712A417DE9050008DA61B /* Parse.framework */ = {isa = PBXFileReference; lastKnownFileType = wrapper.framework; path = Parse.framework; sourceTree = "<group>"; };
		BF9712A617DE909E008DA61B /* AudioToolbox.framework */ = {isa = PBXFileReference; lastKnownFileType = wrapper.framework; name = AudioToolbox.framework; path = System/Library/Frameworks/AudioToolbox.framework; sourceTree = SDKROOT; };
		BF9712A817DE90A7008DA61B /* CFNetwork.framework */ = {isa = PBXFileReference; lastKnownFileType = wrapper.framework; name = CFNetwork.framework; path = System/Library/Frameworks/CFNetwork.framework; sourceTree = SDKROOT; };
		BF9712AA17DE90C4008DA61B /* libz.1.1.3.dylib */ = {isa = PBXFileReference; lastKnownFileType = "compiled.mach-o.dylib"; name = libz.1.1.3.dylib; path = usr/lib/libz.1.1.3.dylib; sourceTree = SDKROOT; };
		BF9712AC17DE90D0008DA61B /* MobileCoreServices.framework */ = {isa = PBXFileReference; lastKnownFileType = wrapper.framework; name = MobileCoreServices.framework; path = System/Library/Frameworks/MobileCoreServices.framework; sourceTree = SDKROOT; };
		BF9712AE17DE90FB008DA61B /* QuartzCore.framework */ = {isa = PBXFileReference; lastKnownFileType = wrapper.framework; name = QuartzCore.framework; path = System/Library/Frameworks/QuartzCore.framework; sourceTree = SDKROOT; };
		BF9712B017DE9105008DA61B /* Security.framework */ = {isa = PBXFileReference; lastKnownFileType = wrapper.framework; name = Security.framework; path = System/Library/Frameworks/Security.framework; sourceTree = SDKROOT; };
		BF9712B217DE911A008DA61B /* StoreKit.framework */ = {isa = PBXFileReference; lastKnownFileType = wrapper.framework; name = StoreKit.framework; path = System/Library/Frameworks/StoreKit.framework; sourceTree = SDKROOT; };
		BF9712B417DE912F008DA61B /* SystemConfiguration.framework */ = {isa = PBXFileReference; lastKnownFileType = wrapper.framework; name = SystemConfiguration.framework; path = System/Library/Frameworks/SystemConfiguration.framework; sourceTree = SDKROOT; };
		BFBCA94817DEE219004D75BA /* ViewControllerCreateIdea.h */ = {isa = PBXFileReference; fileEncoding = 4; lastKnownFileType = sourcecode.c.h; path = ViewControllerCreateIdea.h; sourceTree = "<group>"; };
		BFBCA94917DEE219004D75BA /* ViewControllerCreateIdea.m */ = {isa = PBXFileReference; fileEncoding = 4; lastKnownFileType = sourcecode.c.objc; path = ViewControllerCreateIdea.m; sourceTree = "<group>"; };
		BFBCA95417DEF51B004D75BA /* ViewControllerCreateComplaint.h */ = {isa = PBXFileReference; fileEncoding = 4; lastKnownFileType = sourcecode.c.h; path = ViewControllerCreateComplaint.h; sourceTree = "<group>"; };
		BFBCA95517DEF51B004D75BA /* ViewControllerCreateComplaint.m */ = {isa = PBXFileReference; fileEncoding = 4; lastKnownFileType = sourcecode.c.objc; path = ViewControllerCreateComplaint.m; sourceTree = "<group>"; };
		BFD9D0E017DF97C300D11879 /* MapKit.framework */ = {isa = PBXFileReference; lastKnownFileType = wrapper.framework; name = MapKit.framework; path = System/Library/Frameworks/MapKit.framework; sourceTree = SDKROOT; };
		BFD9D0E217DF985500D11879 /* refresh.png */ = {isa = PBXFileReference; lastKnownFileType = image.png; path = refresh.png; sourceTree = "<group>"; };
		BFD9D0E417DF98C700D11879 /* create_up.png */ = {isa = PBXFileReference; lastKnownFileType = image.png; path = create_up.png; sourceTree = "<group>"; };
		BFD9D0E617DF9C8A00D11879 /* conflict-zones_up.png */ = {isa = PBXFileReference; lastKnownFileType = image.png; path = "conflict-zones_up.png"; sourceTree = "<group>"; };
		BFD9D0E717DF9C8A00D11879 /* complaints_up (1).png */ = {isa = PBXFileReference; lastKnownFileType = image.png; path = "complaints_up (1).png"; sourceTree = "<group>"; };
		BFD9D0E817DF9C8A00D11879 /* activism_up (1).png */ = {isa = PBXFileReference; lastKnownFileType = image.png; path = "activism_up (1).png"; sourceTree = "<group>"; };
		BFD9D0EC17DFAA7900D11879 /* conflictzona_top.png */ = {isa = PBXFileReference; lastKnownFileType = image.png; path = conflictzona_top.png; sourceTree = "<group>"; };
		BFD9D0EF17E0E74C00D11879 /* ViewControllerActivista.h */ = {isa = PBXFileReference; fileEncoding = 4; lastKnownFileType = sourcecode.c.h; path = ViewControllerActivista.h; sourceTree = "<group>"; };
		BFD9D0F017E0E74C00D11879 /* ViewControllerActivista.m */ = {isa = PBXFileReference; fileEncoding = 4; lastKnownFileType = sourcecode.c.objc; path = ViewControllerActivista.m; sourceTree = "<group>"; };
/* End PBXFileReference section */

/* Begin PBXFrameworksBuildPhase section */
		BF97127617DE8E5A008DA61B /* Frameworks */ = {
			isa = PBXFrameworksBuildPhase;
			buildActionMask = 2147483647;
			files = (
				BFD9D0E117DF97C300D11879 /* MapKit.framework in Frameworks */,
				BF9712B517DE912F008DA61B /* SystemConfiguration.framework in Frameworks */,
				BF9712B317DE911A008DA61B /* StoreKit.framework in Frameworks */,
				BF9712B117DE9105008DA61B /* Security.framework in Frameworks */,
				BF9712AF17DE90FB008DA61B /* QuartzCore.framework in Frameworks */,
				BF9712AD17DE90D0008DA61B /* MobileCoreServices.framework in Frameworks */,
				BF9712AB17DE90C4008DA61B /* libz.1.1.3.dylib in Frameworks */,
				BF97128117DE8E5B008DA61B /* CoreGraphics.framework in Frameworks */,
				BF9712A917DE90A7008DA61B /* CFNetwork.framework in Frameworks */,
				BF9712A717DE909E008DA61B /* AudioToolbox.framework in Frameworks */,
				BF9712A017DE8E9C008DA61B /* CoreLocation.framework in Frameworks */,
				BF97127D17DE8E5B008DA61B /* UIKit.framework in Frameworks */,
				BF97127F17DE8E5B008DA61B /* Foundation.framework in Frameworks */,
				BF9712A517DE9050008DA61B /* Parse.framework in Frameworks */,
				8468327E17DEFA4900330AFB /* FacebookSDK.framework in Frameworks */,
			);
			runOnlyForDeploymentPostprocessing = 0;
		};
/* End PBXFrameworksBuildPhase section */

/* Begin PBXGroup section */
		72F73F0017DF4CBD00E766DA /* ViewComplaint */ = {
			isa = PBXGroup;
			children = (
				72F73F0117DF4D1200E766DA /* DenunciasController.h */,
				72F73F0217DF4D1200E766DA /* DenunciasController.m */,
			);
			name = ViewComplaint;
			sourceTree = "<group>";
		};
		72F73F0917DF5D6F00E766DA /* ViewProject */ = {
			isa = PBXGroup;
			children = (
				72F73F0A17DF5DE700E766DA /* IdeasController.h */,
				72F73F0B17DF5DE700E766DA /* IdeasController.m */,
			);
			name = ViewProject;
			sourceTree = "<group>";
		};
		8468327F17DF08B600330AFB /* Login */ = {
			isa = PBXGroup;
			children = (
				8468328017DF093B00330AFB /* LoginViewController.h */,
				8468328117DF093B00330AFB /* LoginViewController.m */,
				8468328317DF095600330AFB /* TableHeaderView.xib */,
				8468328417DF095600330AFB /* UserDetailsViewController.h */,
				8468328517DF095600330AFB /* UserDetailsViewController.m */,
				8468328617DF095600330AFB /* UserDetailsViewController.xib */,
			);
			name = Login;
			sourceTree = "<group>";
		};
		8468329217DF2BF000330AFB /* BYND2015 */ = {
			isa = PBXGroup;
			children = (
				8468329317DF2BF000330AFB /* activism */,
				8468329717DF2BF000330AFB /* beginning.png */,
				8468329817DF2BF000330AFB /* botones */,
				846832A817DF2BF000330AFB /* complaints */,
				846832AE17DF2BF000330AFB /* enter.png */,
				846832AF17DF2BF000330AFB /* fondo.jpg */,
				846832B017DF2BF000330AFB /* Guías */,
				846832B917DF2BF000330AFB /* logo_green.png */,
				846832BA17DF2BF000330AFB /* logo_whitw.png */,
				846832BB17DF2BF000330AFB /* main_menu */,
				846832BF17DF2BF000330AFB /* select_down.png */,
				846832C017DF2BF000330AFB /* Title_description.png */,
				846832C117DF2BF000330AFB /* top.png */,
			);
			path = BYND2015;
			sourceTree = "<group>";
		};
		8468329317DF2BF000330AFB /* activism */ = {
			isa = PBXGroup;
			children = (
				8468329417DF2BF000330AFB /* create_proyect_top.png */,
				8468329517DF2BF000330AFB /* description.png */,
				8468329617DF2BF000330AFB /* top_activism.png */,
			);
			path = activism;
			sourceTree = "<group>";
		};
		8468329817DF2BF000330AFB /* botones */ = {
			isa = PBXGroup;
			children = (
				8468329917DF2BF000330AFB /* activism_down.png */,
				8468329A17DF2BF000330AFB /* activism_up.png */,
				8468329B17DF2BF000330AFB /* back_down.png */,
				8468329C17DF2BF000330AFB /* back_up.png */,
				8468329D17DF2BF000330AFB /* complaints_down.png */,
				8468329E17DF2BF000330AFB /* complaints_up.png */,
				8468329F17DF2BF000330AFB /* connect_face.png */,
				846832A017DF2BF000330AFB /* galery_down.png */,
				846832A117DF2BF000330AFB /* galery_up.png */,
				846832A217DF2BF000330AFB /* photo_down.png */,
				846832A317DF2BF000330AFB /* photo_up.png */,
				846832A417DF2BF000330AFB /* ptos_down.png */,
				846832A517DF2BF000330AFB /* pts_up.png */,
				846832A617DF2BF000330AFB /* share_down.png */,
				846832A717DF2BF000330AFB /* share_up.png */,
			);
			path = botones;
			sourceTree = "<group>";
		};
		846832A817DF2BF000330AFB /* complaints */ = {
			isa = PBXGroup;
			children = (
				846832A917DF2BF000330AFB /* gps_icon.png */,
				846832AA17DF2BF000330AFB /* gps_off.png */,
				846832AB17DF2BF000330AFB /* gps_on.png */,
				846832AC17DF2BF000330AFB /* texto_complaints.png */,
				846832AD17DF2BF000330AFB /* top_complaints.png */,
			);
			path = complaints;
			sourceTree = "<group>";
		};
		846832B017DF2BF000330AFB /* Guías */ = {
			isa = PBXGroup;
			children = (
				846832B117DF2BF000330AFB /* aviso_email.png */,
				846832B217DF2BF000330AFB /* complaints_inicio.png */,
				846832B317DF2BF000330AFB /* create_activism.png */,
				846832B417DF2BF000330AFB /* create_complaint.png */,
				846832B517DF2BF000330AFB /* description_activism.png */,
				846832B617DF2BF000330AFB /* description_complaint.png */,
				846832B717DF2BF000330AFB /* Inicio.png */,
				846832B817DF2BF000330AFB /* menu_principal.png */,
			);
			path = "Guías";
			sourceTree = "<group>";
		};
		846832BB17DF2BF000330AFB /* main_menu */ = {
			isa = PBXGroup;
			children = (
				846832BC17DF2BF000330AFB /* frog.png */,
				846832BD17DF2BF000330AFB /* level.png */,
				846832BE17DF2BF000330AFB /* turtle.png */,
			);
			path = main_menu;
			sourceTree = "<group>";
		};
		846832EC17DF4A3600330AFB /* animaciones */ = {
			isa = PBXGroup;
			children = (
				846832ED17DF4A3800330AFB /* frog1.png */,
				846832EE17DF4A3800330AFB /* frog2.png */,
				846832EF17DF4A3800330AFB /* frog3.png */,
				846832F017DF4A3800330AFB /* frog4.png */,
				846832F117DF4A3800330AFB /* frog5.png */,
				846832F217DF4A3800330AFB /* turtle1.png */,
				846832F317DF4A3800330AFB /* turtle2.png */,
				846832F417DF4A3800330AFB /* turtle3.png */,
				846832F517DF4A3800330AFB /* turtle4.png */,
			);
			path = animaciones;
			sourceTree = "<group>";
		};
		BF97127017DE8E5A008DA61B = {
			isa = PBXGroup;
			children = (
				BFD9D0E017DF97C300D11879 /* MapKit.framework */,
				BF97128217DE8E5B008DA61B /* GreenActivist */,
				BF97127B17DE8E5A008DA61B /* Frameworks */,
				BF97127A17DE8E5A008DA61B /* Products */,
			);
			sourceTree = "<group>";
		};
		BF97127A17DE8E5A008DA61B /* Products */ = {
			isa = PBXGroup;
			children = (
				BF97127917DE8E5A008DA61B /* GreenActivist.app */,
			);
			name = Products;
			sourceTree = "<group>";
		};
		BF97127B17DE8E5A008DA61B /* Frameworks */ = {
			isa = PBXGroup;
			children = (
				8468327D17DEFA4900330AFB /* FacebookSDK.framework */,
				BF9712B417DE912F008DA61B /* SystemConfiguration.framework */,
				BF9712B217DE911A008DA61B /* StoreKit.framework */,
				BF9712B017DE9105008DA61B /* Security.framework */,
				BF9712AE17DE90FB008DA61B /* QuartzCore.framework */,
				BF9712AC17DE90D0008DA61B /* MobileCoreServices.framework */,
				BF9712AA17DE90C4008DA61B /* libz.1.1.3.dylib */,
				BF9712A817DE90A7008DA61B /* CFNetwork.framework */,
				BF9712A617DE909E008DA61B /* AudioToolbox.framework */,
				BF97129F17DE8E9C008DA61B /* CoreLocation.framework */,
				BF9712A417DE9050008DA61B /* Parse.framework */,
				BF97127C17DE8E5A008DA61B /* UIKit.framework */,
				BF97127E17DE8E5B008DA61B /* Foundation.framework */,
				BF97128017DE8E5B008DA61B /* CoreGraphics.framework */,
			);
			name = Frameworks;
			sourceTree = "<group>";
		};
		BF97128217DE8E5B008DA61B /* GreenActivist */ = {
			isa = PBXGroup;
			children = (
				8468327F17DF08B600330AFB /* Login */,
				BF97129417DE8E5B008DA61B /* MainStoryboard.storyboard */,
				BF9712A317DE8F06008DA61B /* Imagenes */,
				BF9712A217DE8EDD008DA61B /* Vistas */,
				BF9712A117DE8EBC008DA61B /* Recursos */,
				BF97128317DE8E5B008DA61B /* Supporting Files */,
			);
			path = GreenActivist;
			sourceTree = "<group>";
		};
		BF97128317DE8E5B008DA61B /* Supporting Files */ = {
			isa = PBXGroup;
			children = (
				BF2AC93317DF7FCE00529B6D /* Default-568h@2x.png */,
				BF2AC93417DF7FCE00529B6D /* Default@2x.png */,
				BF2AC92F17DF7F2A00529B6D /* Default.png */,
				BF97128417DE8E5B008DA61B /* GreenActivist-Info.plist */,
				BF97128517DE8E5B008DA61B /* InfoPlist.strings */,
				BF97128817DE8E5B008DA61B /* main.m */,
				BF97128A17DE8E5B008DA61B /* GreenActivist-Prefix.pch */,
			);
			name = "Supporting Files";
			sourceTree = "<group>";
		};
		BF9712A117DE8EBC008DA61B /* Recursos */ = {
			isa = PBXGroup;
			children = (
				72F73F0617DF569D00E766DA /* ComunicacionParse.h */,
				72F73F0717DF569D00E766DA /* ComunicacionParse.m */,
				BF97128B17DE8E5B008DA61B /* AppDelegate.h */,
				BF97128C17DE8E5B008DA61B /* AppDelegate.m */,
			);
			name = Recursos;
			sourceTree = "<group>";
		};
		BF9712A217DE8EDD008DA61B /* Vistas */ = {
			isa = PBXGroup;
			children = (
				BFD9D0EE17E0E72E00D11879 /* Activism */,
				72F73F0917DF5D6F00E766DA /* ViewProject */,
				72F73F0017DF4CBD00E766DA /* ViewComplaint */,
				BFBCA95317DEF4E5004D75BA /* CreateComplaint */,
				BFBCA94317DEE028004D75BA /* CreateIdea */,
				BFBCA94217DEE01F004D75BA /* Principal */,
			);
			name = Vistas;
			sourceTree = "<group>";
		};
		BF9712A317DE8F06008DA61B /* Imagenes */ = {
			isa = PBXGroup;
			children = (
				BFD9D0E617DF9C8A00D11879 /* conflict-zones_up.png */,
				BFD9D0E717DF9C8A00D11879 /* complaints_up (1).png */,
				BFD9D0E817DF9C8A00D11879 /* activism_up (1).png */,
				BFD9D0E417DF98C700D11879 /* create_up.png */,
				BFD9D0E217DF985500D11879 /* refresh.png */,
				BFD9D0EC17DFAA7900D11879 /* conflictzona_top.png */,
				846832EC17DF4A3600330AFB /* animaciones */,
				8468329217DF2BF000330AFB /* BYND2015 */,
				8468328E17DF299B00330AFB /* connect_face.png */,
				8468328C17DF1B8300330AFB /* fondo.jpg */,
				8468329017DF2B4500330AFB /* entrar.png */,
			);
			name = Imagenes;
			sourceTree = "<group>";
		};
		BFBCA94217DEE01F004D75BA /* Principal */ = {
			isa = PBXGroup;
			children = (
				BF97129717DE8E5B008DA61B /* ViewController.h */,
				BF97129817DE8E5B008DA61B /* ViewController.m */,
			);
			name = Principal;
			sourceTree = "<group>";
		};
		BFBCA94317DEE028004D75BA /* CreateIdea */ = {
			isa = PBXGroup;
			children = (
				BFBCA94817DEE219004D75BA /* ViewControllerCreateIdea.h */,
				BFBCA94917DEE219004D75BA /* ViewControllerCreateIdea.m */,
			);
			name = CreateIdea;
			sourceTree = "<group>";
		};
		BFBCA95317DEF4E5004D75BA /* CreateComplaint */ = {
			isa = PBXGroup;
			children = (
				BFBCA95417DEF51B004D75BA /* ViewControllerCreateComplaint.h */,
				BFBCA95517DEF51B004D75BA /* ViewControllerCreateComplaint.m */,
			);
			name = CreateComplaint;
			sourceTree = "<group>";
		};
		BFD9D0EE17E0E72E00D11879 /* Activism */ = {
			isa = PBXGroup;
			children = (
				BFD9D0EF17E0E74C00D11879 /* ViewControllerActivista.h */,
				BFD9D0F017E0E74C00D11879 /* ViewControllerActivista.m */,
			);
			name = Activism;
			sourceTree = "<group>";
		};
/* End PBXGroup section */

/* Begin PBXNativeTarget section */
		BF97127817DE8E5A008DA61B /* GreenActivist */ = {
			isa = PBXNativeTarget;
			buildConfigurationList = BF97129C17DE8E5B008DA61B /* Build configuration list for PBXNativeTarget "GreenActivist" */;
			buildPhases = (
				BF97127517DE8E5A008DA61B /* Sources */,
				BF97127617DE8E5A008DA61B /* Frameworks */,
				BF97127717DE8E5A008DA61B /* Resources */,
			);
			buildRules = (
			);
			dependencies = (
			);
			name = GreenActivist;
			productName = GreenActivist;
			productReference = BF97127917DE8E5A008DA61B /* GreenActivist.app */;
			productType = "com.apple.product-type.application";
		};
/* End PBXNativeTarget section */

/* Begin PBXProject section */
		BF97127117DE8E5A008DA61B /* Project object */ = {
			isa = PBXProject;
			attributes = {
				LastUpgradeCheck = 0460;
				ORGANIZATIONNAME = GoTouch;
			};
			buildConfigurationList = BF97127417DE8E5A008DA61B /* Build configuration list for PBXProject "GreenActivist" */;
			compatibilityVersion = "Xcode 3.2";
			developmentRegion = English;
			hasScannedForEncodings = 0;
			knownRegions = (
				en,
			);
			mainGroup = BF97127017DE8E5A008DA61B;
			productRefGroup = BF97127A17DE8E5A008DA61B /* Products */;
			projectDirPath = "";
			projectRoot = "";
			targets = (
				BF97127817DE8E5A008DA61B /* GreenActivist */,
			);
		};
/* End PBXProject section */

/* Begin PBXResourcesBuildPhase section */
		BF97127717DE8E5A008DA61B /* Resources */ = {
			isa = PBXResourcesBuildPhase;
			buildActionMask = 2147483647;
			files = (
				BF97128717DE8E5B008DA61B /* InfoPlist.strings in Resources */,
				BF97129617DE8E5B008DA61B /* MainStoryboard.storyboard in Resources */,
				8468328D17DF1B8300330AFB /* fondo.jpg in Resources */,
				8468328F17DF299B00330AFB /* connect_face.png in Resources */,
				8468329117DF2B4500330AFB /* entrar.png in Resources */,
				846832C217DF2BF000330AFB /* create_proyect_top.png in Resources */,
				846832C317DF2BF000330AFB /* description.png in Resources */,
				846832C417DF2BF000330AFB /* top_activism.png in Resources */,
				846832C517DF2BF000330AFB /* beginning.png in Resources */,
				846832C617DF2BF000330AFB /* activism_down.png in Resources */,
				846832C717DF2BF000330AFB /* activism_up.png in Resources */,
				846832C817DF2BF000330AFB /* back_down.png in Resources */,
				846832C917DF2BF000330AFB /* back_up.png in Resources */,
				846832CA17DF2BF000330AFB /* complaints_down.png in Resources */,
				846832CB17DF2BF000330AFB /* complaints_up.png in Resources */,
				846832CC17DF2BF000330AFB /* connect_face.png in Resources */,
				846832CD17DF2BF000330AFB /* galery_down.png in Resources */,
				846832CE17DF2BF000330AFB /* galery_up.png in Resources */,
				846832CF17DF2BF000330AFB /* photo_down.png in Resources */,
				846832D017DF2BF000330AFB /* photo_up.png in Resources */,
				846832D117DF2BF000330AFB /* ptos_down.png in Resources */,
				846832D217DF2BF000330AFB /* pts_up.png in Resources */,
				846832D317DF2BF000330AFB /* share_down.png in Resources */,
				846832D417DF2BF000330AFB /* share_up.png in Resources */,
				846832D517DF2BF000330AFB /* gps_icon.png in Resources */,
				846832D617DF2BF000330AFB /* gps_off.png in Resources */,
				846832D717DF2BF000330AFB /* gps_on.png in Resources */,
				846832D817DF2BF000330AFB /* texto_complaints.png in Resources */,
				846832D917DF2BF000330AFB /* top_complaints.png in Resources */,
				846832DA17DF2BF000330AFB /* enter.png in Resources */,
				846832DB17DF2BF000330AFB /* fondo.jpg in Resources */,
				846832DC17DF2BF000330AFB /* aviso_email.png in Resources */,
				846832DD17DF2BF000330AFB /* complaints_inicio.png in Resources */,
				846832DE17DF2BF000330AFB /* create_activism.png in Resources */,
				846832DF17DF2BF000330AFB /* create_complaint.png in Resources */,
				846832E017DF2BF000330AFB /* description_activism.png in Resources */,
				846832E117DF2BF000330AFB /* description_complaint.png in Resources */,
				846832E217DF2BF000330AFB /* Inicio.png in Resources */,
				846832E317DF2BF000330AFB /* menu_principal.png in Resources */,
				846832E417DF2BF000330AFB /* logo_green.png in Resources */,
				846832E517DF2BF000330AFB /* logo_whitw.png in Resources */,
				846832E617DF2BF000330AFB /* frog.png in Resources */,
				846832E717DF2BF000330AFB /* level.png in Resources */,
				846832E817DF2BF000330AFB /* turtle.png in Resources */,
				846832E917DF2BF000330AFB /* select_down.png in Resources */,
				846832EA17DF2BF000330AFB /* Title_description.png in Resources */,
				846832EB17DF2BF000330AFB /* top.png in Resources */,
				846832F617DF4A3800330AFB /* frog1.png in Resources */,
				846832F717DF4A3800330AFB /* frog2.png in Resources */,
				846832F817DF4A3800330AFB /* frog3.png in Resources */,
				846832F917DF4A3800330AFB /* frog4.png in Resources */,
				846832FA17DF4A3800330AFB /* frog5.png in Resources */,
				846832FB17DF4A3800330AFB /* turtle1.png in Resources */,
				846832FC17DF4A3800330AFB /* turtle2.png in Resources */,
				846832FD17DF4A3800330AFB /* turtle3.png in Resources */,
				846832FE17DF4A3800330AFB /* turtle4.png in Resources */,
				BF2AC93117DF7F2A00529B6D /* Default.png in Resources */,
				BF2AC93517DF7FCE00529B6D /* Default-568h@2x.png in Resources */,
				BF2AC93617DF7FCE00529B6D /* Default@2x.png in Resources */,
				BFD9D0E317DF985500D11879 /* refresh.png in Resources */,
				BFD9D0E517DF98C700D11879 /* create_up.png in Resources */,
				BFD9D0E917DF9C8A00D11879 /* conflict-zones_up.png in Resources */,
				BFD9D0EA17DF9C8A00D11879 /* complaints_up (1).png in Resources */,
				BFD9D0EB17DF9C8A00D11879 /* activism_up (1).png in Resources */,
				BFD9D0ED17DFAA7900D11879 /* conflictzona_top.png in Resources */,
			);
			runOnlyForDeploymentPostprocessing = 0;
		};
/* End PBXResourcesBuildPhase section */

/* Begin PBXSourcesBuildPhase section */
		BF97127517DE8E5A008DA61B /* Sources */ = {
			isa = PBXSourcesBuildPhase;
			buildActionMask = 2147483647;
			files = (
				72F73F0317DF4D8900E766DA /* DenunciasController.h in Sources */,
				72F73F0417DF4D8900E766DA /* DenunciasController.m in Sources */,
				72F73F0517DF4D8900E766DA /* AppDelegate.h in Sources */,
				8468328917DF110D00330AFB /* UserDetailsViewController.h in Sources */,
				8468328A17DF110D00330AFB /* UserDetailsViewController.m in Sources */,
				8468328B17DF110D00330AFB /* UserDetailsViewController.xib in Sources */,
				8468328717DF10D200330AFB /* LoginViewController.h in Sources */,
				8468328817DF10D200330AFB /* LoginViewController.m in Sources */,
				BF97128917DE8E5B008DA61B /* main.m in Sources */,
				BF97128D17DE8E5B008DA61B /* AppDelegate.m in Sources */,
				BF97129917DE8E5B008DA61B /* ViewController.m in Sources */,
				BFBCA94A17DEE219004D75BA /* ViewControllerCreateIdea.m in Sources */,
				BFBCA95617DEF51B004D75BA /* ViewControllerCreateComplaint.m in Sources */,
				72F73F0817DF569D00E766DA /* ComunicacionParse.m in Sources */,
				72F73F0C17DF5DE700E766DA /* IdeasController.m in Sources */,
				BFD9D0F117E0E74C00D11879 /* ViewControllerActivista.m in Sources */,
			);
			runOnlyForDeploymentPostprocessing = 0;
		};
/* End PBXSourcesBuildPhase section */

/* Begin PBXVariantGroup section */
		BF97128517DE8E5B008DA61B /* InfoPlist.strings */ = {
			isa = PBXVariantGroup;
			children = (
				BF97128617DE8E5B008DA61B /* en */,
			);
			name = InfoPlist.strings;
			sourceTree = "<group>";
		};
		BF97129417DE8E5B008DA61B /* MainStoryboard.storyboard */ = {
			isa = PBXVariantGroup;
			children = (
				BF97129517DE8E5B008DA61B /* en */,
			);
			name = MainStoryboard.storyboard;
			sourceTree = "<group>";
		};
/* End PBXVariantGroup section */

/* Begin XCBuildConfiguration section */
		BF97129A17DE8E5B008DA61B /* Debug */ = {
			isa = XCBuildConfiguration;
			buildSettings = {
				ALWAYS_SEARCH_USER_PATHS = NO;
				CLANG_CXX_LANGUAGE_STANDARD = "gnu++0x";
				CLANG_CXX_LIBRARY = "libc++";
				CLANG_ENABLE_OBJC_ARC = YES;
				CLANG_WARN_CONSTANT_CONVERSION = YES;
				CLANG_WARN_EMPTY_BODY = YES;
				CLANG_WARN_ENUM_CONVERSION = YES;
				CLANG_WARN_INT_CONVERSION = YES;
				CLANG_WARN__DUPLICATE_METHOD_MATCH = YES;
				"CODE_SIGN_IDENTITY[sdk=iphoneos*]" = "iPhone Developer";
				COPY_PHASE_STRIP = NO;
				GCC_C_LANGUAGE_STANDARD = gnu99;
				GCC_DYNAMIC_NO_PIC = NO;
				GCC_OPTIMIZATION_LEVEL = 0;
				GCC_PREPROCESSOR_DEFINITIONS = (
					"DEBUG=1",
					"$(inherited)",
				);
				GCC_SYMBOLS_PRIVATE_EXTERN = NO;
				GCC_WARN_ABOUT_RETURN_TYPE = YES;
				GCC_WARN_UNINITIALIZED_AUTOS = YES;
				GCC_WARN_UNUSED_VARIABLE = YES;
				IPHONEOS_DEPLOYMENT_TARGET = 6.1;
				ONLY_ACTIVE_ARCH = YES;
				SDKROOT = iphoneos;
				TARGETED_DEVICE_FAMILY = 2;
			};
			name = Debug;
		};
		BF97129B17DE8E5B008DA61B /* Release */ = {
			isa = XCBuildConfiguration;
			buildSettings = {
				ALWAYS_SEARCH_USER_PATHS = NO;
				CLANG_CXX_LANGUAGE_STANDARD = "gnu++0x";
				CLANG_CXX_LIBRARY = "libc++";
				CLANG_ENABLE_OBJC_ARC = YES;
				CLANG_WARN_CONSTANT_CONVERSION = YES;
				CLANG_WARN_EMPTY_BODY = YES;
				CLANG_WARN_ENUM_CONVERSION = YES;
				CLANG_WARN_INT_CONVERSION = YES;
				CLANG_WARN__DUPLICATE_METHOD_MATCH = YES;
				"CODE_SIGN_IDENTITY[sdk=iphoneos*]" = "iPhone Developer";
				COPY_PHASE_STRIP = YES;
				GCC_C_LANGUAGE_STANDARD = gnu99;
				GCC_WARN_ABOUT_RETURN_TYPE = YES;
				GCC_WARN_UNINITIALIZED_AUTOS = YES;
				GCC_WARN_UNUSED_VARIABLE = YES;
				IPHONEOS_DEPLOYMENT_TARGET = 6.1;
				OTHER_CFLAGS = "-DNS_BLOCK_ASSERTIONS=1";
				SDKROOT = iphoneos;
				TARGETED_DEVICE_FAMILY = 2;
				VALIDATE_PRODUCT = YES;
			};
			name = Release;
		};
		BF97129D17DE8E5B008DA61B /* Debug */ = {
			isa = XCBuildConfiguration;
			buildSettings = {
				FRAMEWORK_SEARCH_PATHS = (
					"$(inherited)",
					"\"$(SRCROOT)\"",
				);
				GCC_PRECOMPILE_PREFIX_HEADER = YES;
				GCC_PREFIX_HEADER = "GreenActivist/GreenActivist-Prefix.pch";
				INFOPLIST_FILE = "GreenActivist/GreenActivist-Info.plist";
				IPHONEOS_DEPLOYMENT_TARGET = 6.1;
				PRODUCT_NAME = "$(TARGET_NAME)";
				WRAPPER_EXTENSION = app;
			};
			name = Debug;
		};
		BF97129E17DE8E5B008DA61B /* Release */ = {
			isa = XCBuildConfiguration;
			buildSettings = {
				FRAMEWORK_SEARCH_PATHS = (
					"$(inherited)",
					"\"$(SRCROOT)\"",
				);
				GCC_PRECOMPILE_PREFIX_HEADER = YES;
				GCC_PREFIX_HEADER = "GreenActivist/GreenActivist-Prefix.pch";
				INFOPLIST_FILE = "GreenActivist/GreenActivist-Info.plist";
				IPHONEOS_DEPLOYMENT_TARGET = 6.1;
				PRODUCT_NAME = "$(TARGET_NAME)";
				WRAPPER_EXTENSION = app;
			};
			name = Release;
		};
/* End XCBuildConfiguration section */

/* Begin XCConfigurationList section */
		BF97127417DE8E5A008DA61B /* Build configuration list for PBXProject "GreenActivist" */ = {
			isa = XCConfigurationList;
			buildConfigurations = (
				BF97129A17DE8E5B008DA61B /* Debug */,
				BF97129B17DE8E5B008DA61B /* Release */,
			);
			defaultConfigurationIsVisible = 0;
			defaultConfigurationName = Release;
		};
		BF97129C17DE8E5B008DA61B /* Build configuration list for PBXNativeTarget "GreenActivist" */ = {
			isa = XCConfigurationList;
			buildConfigurations = (
				BF97129D17DE8E5B008DA61B /* Debug */,
				BF97129E17DE8E5B008DA61B /* Release */,
			);
			defaultConfigurationIsVisible = 0;
			defaultConfigurationName = Release;
		};
/* End XCConfigurationList section */
	};
	rootObject = BF97127117DE8E5A008DA61B /* Project object */;
}
